<?xml version="1.0" encoding="utf-8"?>
<Project ToolsVersion="4.0" xmlns="http://schemas.microsoft.com/developer/msbuild/2003">
  <ItemGroup>
    <Filter Include="源文件">
      <UniqueIdentifier>{4FC737F1-C7A5-4376-A066-2A32D752A2FF}</UniqueIdentifier>
      <Extensions>cpp;c;cc;cxx;c++;cppm;ixx;def;odl;idl;hpj;bat;asm;asmx</Extensions>
    </Filter>
    <Filter Include="头文件">
      <UniqueIdentifier>{93995380-89BD-4b04-88EB-625FBE52EBFB}</UniqueIdentifier>
      <Extensions>h;hh;hpp;hxx;h++;hm;inl;inc;ipp;xsd</Extensions>
    </Filter>
    <Filter Include="资源文件">
      <UniqueIdentifier>{67DA6AB6-F800-4c08-8B7A-83BB121AAD01}</UniqueIdentifier>
      <Extensions>rc;ico;cur;bmp;dlg;rc2;rct;bin;rgs;gif;jpg;jpeg;jpe;resx;tiff;tif;png;wav;mfcribbon-ms</Extensions>
    </Filter>
    <Filter Include="antlr_gen">
      <UniqueIdentifier>{c758919e-4c43-47ac-a1c0-456f6d7ef04f}</UniqueIdentifier>
    </Filter>
    <Filter Include="头文件\tools">
      <UniqueIdentifier>{eb82fbab-4ca3-4d90-8c23-1e8859c928f5}</UniqueIdentifier>
    </Filter>
    <Filter Include="头文件\ASTs">
      <UniqueIdentifier>{4c1c8304-6970-4834-ba09-3603a9315662}</UniqueIdentifier>
    </Filter>
    <Filter Include="头文件\ASTs\Types">
      <UniqueIdentifier>{2b6b10f0-8a0d-49f3-aefc-32c0c4d86552}</UniqueIdentifier>
    </Filter>
    <Filter Include="头文件\ASTs\Stmts">
      <UniqueIdentifier>{9f47ed46-f041-426d-8a2d-597070258615}</UniqueIdentifier>
    </Filter>
    <Filter Include="头文件\ASTs\Blocks">
      <UniqueIdentifier>{f8259d9f-88cd-4348-972e-66660cd974a2}</UniqueIdentifier>
    </Filter>
    <Filter Include="头文件\ASTs\Exprs">
      <UniqueIdentifier>{6fad3cd9-d4b3-47f5-89a5-b5049d302eea}</UniqueIdentifier>
    </Filter>
  </ItemGroup>
  <ItemGroup>
    <ClCompile Include="main.cpp">
      <Filter>源文件</Filter>
    </ClCompile>
    <ClCompile Include="antlr_gen\FaBaseVisitor.cpp">
      <Filter>antlr_gen</Filter>
    </ClCompile>
    <ClCompile Include="antlr_gen\FaLexer.cpp">
      <Filter>antlr_gen</Filter>
    </ClCompile>
    <ClCompile Include="antlr_gen\FaParser.cpp">
      <Filter>antlr_gen</Filter>
    </ClCompile>
    <ClCompile Include="antlr_gen\FaVisitor.cpp">
      <Filter>antlr_gen</Filter>
    </ClCompile>
    <ClCompile Include="AstStmt.cpp">
      <Filter>源文件</Filter>
    </ClCompile>
    <ClCompile Include="AstExpr.cpp">
      <Filter>源文件</Filter>
    </ClCompile>
  </ItemGroup>
  <ItemGroup>
    <ClInclude Include="antlr_gen\FaBaseVisitor.h">
      <Filter>antlr_gen</Filter>
    </ClInclude>
    <ClInclude Include="antlr_gen\FaLexer.h">
      <Filter>antlr_gen</Filter>
    </ClInclude>
    <ClInclude Include="antlr_gen\FaParser.h">
      <Filter>antlr_gen</Filter>
    </ClInclude>
    <ClInclude Include="antlr_gen\FaVisitor.h">
      <Filter>antlr_gen</Filter>
    </ClInclude>
    <ClInclude Include="tools\File.hpp">
      <Filter>头文件\tools</Filter>
    </ClInclude>
    <ClInclude Include="FaCodeVisitor.hpp">
      <Filter>头文件</Filter>
    </ClInclude>
    <ClInclude Include="Common.hpp">
      <Filter>头文件</Filter>
    </ClInclude>
    <ClInclude Include="ASTs\Blocks\AstEnum.hpp">
      <Filter>头文件\ASTs\Blocks</Filter>
    </ClInclude>
    <ClInclude Include="ASTs\Blocks\AstProgram.hpp">
      <Filter>头文件\ASTs\Blocks</Filter>
    </ClInclude>
    <ClInclude Include="ASTs\Blocks\AstClass.hpp">
      <Filter>头文件\ASTs\Blocks</Filter>
    </ClInclude>
    <ClInclude Include="ASTs\Blocks\AstClassFunc.hpp">
      <Filter>头文件\ASTs\Blocks</Filter>
    </ClInclude>
    <ClInclude Include="ASTs\Blocks\AstEnumItem.hpp">
      <Filter>头文件\ASTs\Blocks</Filter>
    </ClInclude>
    <ClInclude Include="ASTs\Blocks\AstClassVar.hpp">
      <Filter>头文件\ASTs\Blocks</Filter>
    </ClInclude>
    <ClInclude Include="ASTs\Types\AstType.hpp">
      <Filter>头文件\ASTs\Types</Filter>
    </ClInclude>
    <ClInclude Include="Exception.hpp">
      <Filter>头文件</Filter>
    </ClInclude>
    <ClInclude Include="ASTs\Stmts\AstStmt.hpp">
      <Filter>头文件\ASTs\Stmts</Filter>
    </ClInclude>
    <ClInclude Include="ASTs\Exprs\AstExpr.hpp">
      <Filter>头文件\ASTs\Exprs</Filter>
    </ClInclude>
    <ClInclude Include="ASTs\Stmts\AstReturnStmt.hpp">
      <Filter>头文件\ASTs\Stmts</Filter>
    </ClInclude>
  </ItemGroup>
</Project>