<?xml version="1.0" encoding="utf-8"?>
<Project ToolsVersion="4.0" xmlns="http://schemas.microsoft.com/developer/msbuild/2003">
  <ItemGroup>
    <Filter Include="源文件">
      <UniqueIdentifier>{4FC737F1-C7A5-4376-A066-2A32D752A2FF}</UniqueIdentifier>
      <Extensions>cpp;c;cc;cxx;c++;cppm;ixx;def;odl;idl;hpj;bat;asm;asmx</Extensions>
    </Filter>
    <Filter Include="头文件">
      <UniqueIdentifier>{93995380-89BD-4b04-88EB-625FBE52EBFB}</UniqueIdentifier>
      <Extensions>h;hh;hpp;hxx;h++;hm;inl;inc;ipp;xsd</Extensions>
    </Filter>
    <Filter Include="资源文件">
      <UniqueIdentifier>{67DA6AB6-F800-4c08-8B7A-83BB121AAD01}</UniqueIdentifier>
      <Extensions>rc;ico;cur;bmp;dlg;rc2;rct;bin;rgs;gif;jpg;jpeg;jpe;resx;tiff;tif;png;wav;mfcribbon-ms</Extensions>
    </Filter>
    <Filter Include="头文件\antlr">
      <UniqueIdentifier>{b48337cb-03b5-4e6f-8bd1-3b7bb6b48d7b}</UniqueIdentifier>
    </Filter>
    <Filter Include="源文件\antlr">
      <UniqueIdentifier>{22f86aba-eb75-4097-b3f1-7f7f82ecda38}</UniqueIdentifier>
    </Filter>
  </ItemGroup>
  <ItemGroup>
    <ClCompile Include="main.cpp">
      <Filter>源文件</Filter>
    </ClCompile>
    <ClCompile Include="tools\libs\FaBaseVisitor.cpp">
      <Filter>源文件\antlr</Filter>
    </ClCompile>
    <ClCompile Include="tools\libs\FaLexer.cpp">
      <Filter>源文件\antlr</Filter>
    </ClCompile>
    <ClCompile Include="tools\libs\FaParser.cpp">
      <Filter>源文件\antlr</Filter>
    </ClCompile>
    <ClCompile Include="tools\libs\FaVisitor.cpp">
      <Filter>源文件\antlr</Filter>
    </ClCompile>
    <ClCompile Include="win32.cpp">
      <Filter>源文件</Filter>
    </ClCompile>
  </ItemGroup>
  <ItemGroup>
    <None Include="tools\generate.bat">
      <Filter>源文件</Filter>
    </None>
    <None Include="tools\Fa.g4" />
    <None Include="..\..\README.md" />
  </ItemGroup>
  <ItemGroup>
    <ClInclude Include="tools\libs\FaVisitor.h">
      <Filter>头文件\antlr</Filter>
    </ClInclude>
    <ClInclude Include="tools\libs\FaBaseVisitor.h">
      <Filter>头文件\antlr</Filter>
    </ClInclude>
    <ClInclude Include="tools\libs\FaLexer.h">
      <Filter>头文件\antlr</Filter>
    </ClInclude>
    <ClInclude Include="tools\libs\FaParser.h">
      <Filter>头文件\antlr</Filter>
    </ClInclude>
    <ClInclude Include="CodeVisitor.hpp">
      <Filter>头文件</Filter>
    </ClInclude>
    <ClInclude Include="FaLLVMGen.hpp">
      <Filter>头文件</Filter>
    </ClInclude>
    <ClInclude Include="TypeMap.hpp">
      <Filter>头文件</Filter>
    </ClInclude>
    <ClInclude Include="ValueBuilder.hpp">
      <Filter>头文件</Filter>
    </ClInclude>
    <ClInclude Include="StringProcessor.hpp">
      <Filter>头文件</Filter>
    </ClInclude>
    <ClInclude Include="Log.hpp">
      <Filter>头文件</Filter>
    </ClInclude>
    <ClInclude Include="AstValue.hpp">
      <Filter>头文件</Filter>
    </ClInclude>
    <ClInclude Include="FuncContext.hpp">
      <Filter>头文件</Filter>
    </ClInclude>
    <ClInclude Include="OperAST.hpp">
      <Filter>头文件</Filter>
    </ClInclude>
    <ClInclude Include="FuncType.hpp">
      <Filter>头文件</Filter>
    </ClInclude>
    <ClInclude Include="ClassType.hpp">
      <Filter>头文件</Filter>
    </ClInclude>
  </ItemGroup>
</Project>