
Microsoft Visual Studio Solution File, Format Version 12.00
# Visual Studio Version 17
VisualStudioVersion = 17.2.32616.157
MinimumVisualStudioVersion = 10.0.40219.1
Project("{9A19103F-16F7-4668-BE54-9A1E7A4F7556}") = "fac", "fac\fac.csproj", "{D780C1C3-A8BF-4450-8AA5-70EC36739563}"
EndProject
Project("{9A19103F-16F7-4668-BE54-9A1E7A4F7556}") = "fac.Test", "fac.Test\fac.Test.csproj", "{EA8A0C1D-ABAB-4ED2-8C17-B07AA823EED6}"
EndProject
Project("{2150E333-8FDC-42A3-9474-1A3956D46DE8}") = "docs", "docs", "{1D5F93BF-8C53-4989-84B5-88D1B4EF6212}"
	ProjectSection(SolutionItems) = preProject
		..\test\App.fa = ..\test\App.fa
		..\tools\Fa.g4 = ..\tools\Fa.g4
		..\README.md = ..\README.md
	EndProjectSection
EndProject
Global
	GlobalSection(SolutionConfigurationPlatforms) = preSolution
		Debug|Any CPU = Debug|Any CPU
		Release|Any CPU = Release|Any CPU
	EndGlobalSection
	GlobalSection(ProjectConfigurationPlatforms) = postSolution
		{D780C1C3-A8BF-4450-8AA5-70EC36739563}.Debug|Any CPU.ActiveCfg = Debug|Any CPU
		{D780C1C3-A8BF-4450-8AA5-70EC36739563}.Debug|Any CPU.Build.0 = Debug|Any CPU
		{D780C1C3-A8BF-4450-8AA5-70EC36739563}.Release|Any CPU.ActiveCfg = Release|Any CPU
		{D780C1C3-A8BF-4450-8AA5-70EC36739563}.Release|Any CPU.Build.0 = Release|Any CPU
		{EA8A0C1D-ABAB-4ED2-8C17-B07AA823EED6}.Debug|Any CPU.ActiveCfg = Debug|Any CPU
		{EA8A0C1D-ABAB-4ED2-8C17-B07AA823EED6}.Debug|Any CPU.Build.0 = Debug|Any CPU
		{EA8A0C1D-ABAB-4ED2-8C17-B07AA823EED6}.Release|Any CPU.ActiveCfg = Release|Any CPU
		{EA8A0C1D-ABAB-4ED2-8C17-B07AA823EED6}.Release|Any CPU.Build.0 = Release|Any CPU
	EndGlobalSection
	GlobalSection(SolutionProperties) = preSolution
		HideSolutionNode = FALSE
	EndGlobalSection
	GlobalSection(ExtensibilityGlobals) = postSolution
		SolutionGuid = {0C578FC5-56E9-4E28-84E0-8121F4C4B6AF}
	EndGlobalSection
EndGlobal
